
Microsoft Visual Studio Solution File, Format Version 12.00
# Visual Studio Version 17
VisualStudioVersion = 17.0.31903.59
MinimumVisualStudioVersion = 10.0.40219.1
Project("{FAE04EC0-301F-11D3-BF4B-00C04F79EFBC}") = "BLang", "BLang\BLang.csproj", "{447BDA23-CF7E-4701-AA39-8021BD3AA303}"
EndProject
Global
	GlobalSection(SolutionConfigurationPlatforms) = preSolution
		Debug|Any CPU = Debug|Any CPU
		Debug|x64 = Debug|x64
		Debug|x86 = Debug|x86
		Release|Any CPU = Release|Any CPU
		Release|x64 = Release|x64
		Release|x86 = Release|x86
	EndGlobalSection
	GlobalSection(ProjectConfigurationPlatforms) = postSolution
		{447BDA23-CF7E-4701-AA39-8021BD3AA303}.Debug|Any CPU.ActiveCfg = Debug|Any CPU
		{447BDA23-CF7E-4701-AA39-8021BD3AA303}.Debug|Any CPU.Build.0 = Debug|Any CPU
		{447BDA23-CF7E-4701-AA39-8021BD3AA303}.Debug|x64.ActiveCfg = Debug|Any CPU
		{447BDA23-CF7E-4701-AA39-8021BD3AA303}.Debug|x64.Build.0 = Debug|Any CPU
		{447BDA23-CF7E-4701-AA39-8021BD3AA303}.Debug|x86.ActiveCfg = Debug|Any CPU
		{447BDA23-CF7E-4701-AA39-8021BD3AA303}.Debug|x86.Build.0 = Debug|Any CPU
		{447BDA23-CF7E-4701-AA39-8021BD3AA303}.Release|Any CPU.ActiveCfg = Release|Any CPU
		{447BDA23-CF7E-4701-AA39-8021BD3AA303}.Release|Any CPU.Build.0 = Release|Any CPU
		{447BDA23-CF7E-4701-AA39-8021BD3AA303}.Release|x64.ActiveCfg = Release|Any CPU
		{447BDA23-CF7E-4701-AA39-8021BD3AA303}.Release|x64.Build.0 = Release|Any CPU
		{447BDA23-CF7E-4701-AA39-8021BD3AA303}.Release|x86.ActiveCfg = Release|Any CPU
		{447BDA23-CF7E-4701-AA39-8021BD3AA303}.Release|x86.Build.0 = Release|Any CPU
		{FF1A1C6B-A617-4F46-89B1-8CAC714969EB}.Debug|Any CPU.ActiveCfg = Debug|Any CPU
		{FF1A1C6B-A617-4F46-89B1-8CAC714969EB}.Debug|Any CPU.Build.0 = Debug|Any CPU
		{FF1A1C6B-A617-4F46-89B1-8CAC714969EB}.Debug|x64.ActiveCfg = Debug|Any CPU
		{FF1A1C6B-A617-4F46-89B1-8CAC714969EB}.Debug|x64.Build.0 = Debug|Any CPU
		{FF1A1C6B-A617-4F46-89B1-8CAC714969EB}.Debug|x86.ActiveCfg = Debug|Any CPU
		{FF1A1C6B-A617-4F46-89B1-8CAC714969EB}.Debug|x86.Build.0 = Debug|Any CPU
		{FF1A1C6B-A617-4F46-89B1-8CAC714969EB}.Release|Any CPU.ActiveCfg = Release|Any CPU
		{FF1A1C6B-A617-4F46-89B1-8CAC714969EB}.Release|Any CPU.Build.0 = Release|Any CPU
		{FF1A1C6B-A617-4F46-89B1-8CAC714969EB}.Release|x64.ActiveCfg = Release|Any CPU
		{FF1A1C6B-A617-4F46-89B1-8CAC714969EB}.Release|x64.Build.0 = Release|Any CPU
		{FF1A1C6B-A617-4F46-89B1-8CAC714969EB}.Release|x86.ActiveCfg = Release|Any CPU
		{FF1A1C6B-A617-4F46-89B1-8CAC714969EB}.Release|x86.Build.0 = Release|Any CPU
	EndGlobalSection
	GlobalSection(SolutionProperties) = preSolution
		HideSolutionNode = FALSE
	EndGlobalSection
EndGlobal
