
Microsoft Visual Studio Solution File, Format Version 12.00
# Visual Studio Version 16
VisualStudioVersion = 16.0.30114.105
MinimumVisualStudioVersion = 10.0.40219.1
Project("{FAE04EC0-301F-11D3-BF4B-00C04F79EFBC}") = "IBlang", "IBlang\IBlang.csproj", "{F0FC0EBD-2A89-4D4F-B98D-58D84AF24171}"
EndProject
Project("{FAE04EC0-301F-11D3-BF4B-00C04F79EFBC}") = "IBlang.Tests", "IBlang.Tests\IBlang.Tests.csproj", "{B1D4914C-F640-41FB-8D74-6357A5A0946A}"
EndProject
Global
	GlobalSection(SolutionConfigurationPlatforms) = preSolution
		Debug|Any CPU = Debug|Any CPU
		Release|Any CPU = Release|Any CPU
	EndGlobalSection
	GlobalSection(SolutionProperties) = preSolution
		HideSolutionNode = FALSE
	EndGlobalSection
	GlobalSection(ProjectConfigurationPlatforms) = postSolution
		{F0FC0EBD-2A89-4D4F-B98D-58D84AF24171}.Debug|Any CPU.ActiveCfg = Debug|Any CPU
		{F0FC0EBD-2A89-4D4F-B98D-58D84AF24171}.Debug|Any CPU.Build.0 = Debug|Any CPU
		{F0FC0EBD-2A89-4D4F-B98D-58D84AF24171}.Release|Any CPU.ActiveCfg = Release|Any CPU
		{F0FC0EBD-2A89-4D4F-B98D-58D84AF24171}.Release|Any CPU.Build.0 = Release|Any CPU
		{B1D4914C-F640-41FB-8D74-6357A5A0946A}.Debug|Any CPU.ActiveCfg = Debug|Any CPU
		{B1D4914C-F640-41FB-8D74-6357A5A0946A}.Debug|Any CPU.Build.0 = Debug|Any CPU
		{B1D4914C-F640-41FB-8D74-6357A5A0946A}.Release|Any CPU.ActiveCfg = Release|Any CPU
		{B1D4914C-F640-41FB-8D74-6357A5A0946A}.Release|Any CPU.Build.0 = Release|Any CPU
		{E100157A-4BF2-4702-AC56-826FBDEC5FA3}.Debug|Any CPU.ActiveCfg = Debug|Any CPU
		{E100157A-4BF2-4702-AC56-826FBDEC5FA3}.Debug|Any CPU.Build.0 = Debug|Any CPU
		{E100157A-4BF2-4702-AC56-826FBDEC5FA3}.Release|Any CPU.ActiveCfg = Release|Any CPU
		{E100157A-4BF2-4702-AC56-826FBDEC5FA3}.Release|Any CPU.Build.0 = Release|Any CPU
	EndGlobalSection
EndGlobal
